{
  "name": "sakir",
  "version": "1.1.1",
  "lockfileVersion": 1,
  "requires": true,
  "dependencies": {
    "ansi-styles": {
      "version": "3.2.1",
      "resolved": "https://registry.npmjs.org/ansi-styles/-/ansi-styles-3.2.1.tgz",
      "integrity": "sha512-VT0ZI6kZRdTh8YyJw3SMbYm/u+NqfsAxEpWO0Pf9sq8/e94WxxOpPKx9FR1FlyCtOVDNOQ+8ntlqFxiRc+r5qA==",
      "requires": {
        "color-convert": "^1.9.0"
      }
    },
       "@jimp/bmp": {
      "version": "0.5.0",
      "resolved": "https://registry.npmjs.org/@jimp/bmp/-/bmp-0.5.0.tgz",
      "integrity": "sha512-9t6NXnArny5nqEiXQuuZxBUngnu6z6Lmq2qMAPrGzzUodel3n1kgWAAKe4EI3dhnu6Kb0EJCyrwf6hFkykO+gw==",
      "requires": {
        "@jimp/utils": "^0.5.0",
        "bmp-js": "^0.1.0",
        "core-js": "^2.5.7"
      }
    },
    "@jimp/core": {
      "version": "0.5.0",
      "resolved": "https://registry.npmjs.org/@jimp/core/-/core-0.5.0.tgz",
      "integrity": "sha512-SuwgUfAahCWW9WY6V4iByd6/Ao4IVHcUA3UVc2YYoyAgnxcYQARiPhieni4DBBu46ldi1QyEfs5ME9A+PGLK8Q==",
      "requires": {
        "@jimp/utils": "^0.5.0",
        "any-base": "^1.1.0",
        "buffer": "^5.2.0",
        "core-js": "^2.5.7",
        "exif-parser": "^0.1.12",
        "file-type": "^9.0.0",
        "load-bmfont": "^1.3.1",
        "mkdirp": "0.5.1",
        "phin": "^2.9.1",
        "pixelmatch": "^4.0.2",
        "tinycolor2": "^1.4.1"
      }
    },
    "@jimp/custom": {
      "version": "0.5.0",
      "resolved": "https://registry.npmjs.org/@jimp/custom/-/custom-0.5.0.tgz",
      "integrity": "sha512-lHJcH30r3P/bWqYkBUWaqkcwRst6k0G5XqqqvmUY5Accy7eDkV8cIVIMgfmMY0Vhq5oD94H/Dbc7XearZryQew==",
      "requires": {
        "@jimp/core": "^0.5.0",
        "core-js": "^2.5.7"
      }
    },
    "@jimp/gif": {
      "version": "0.5.0",
      "resolved": "https://registry.npmjs.org/@jimp/gif/-/gif-0.5.0.tgz",
      "integrity": "sha512-HVB4c7b8r/yCpjhCjVNPRFLuujTav5UPmcQcFJjU6aIxmne6e29rAjRJEv3UMamHDGSu/96PzOsPZBO5U+ZGww==",
      "requires": {
        "@jimp/utils": "^0.5.0",
        "core-js": "^2.5.7",
        "omggif": "^1.0.9"
      }
    },
    "@jimp/jpeg": {
      "version": "0.5.0",
      "resolved": "https://registry.npmjs.org/@jimp/jpeg/-/jpeg-0.5.0.tgz",
      "integrity": "sha512-oB+8LmfeuIe2IlGHIkPCK674qapAzOk52voS817XDl5phK8jrhjrEHQfc2o1BQIsA73QpaCUfILKZIcqgQWq5A==",
      "requires": {
        "@jimp/utils": "^0.5.0",
        "core-js": "^2.5.7",
        "jpeg-js": "^0.3.4"
      }
    },
    "@jimp/plugin-blit": {
      "version": "0.5.0",
      "resolved": "https://registry.npmjs.org/@jimp/plugin-blit/-/plugin-blit-0.5.0.tgz",
      "integrity": "sha512-YheG9GidrwhN4/6gAWja7YwCkmBKxl1UKgmEb/EulFf2eXE7m56e3EVu33oODCr0Hr13sLMuAlSpo8RPUthr3A==",
      "requires": {
        "@jimp/utils": "^0.5.0",
        "core-js": "^2.5.7"
      }
    },
    "@jimp/plugin-blur": {
      "version": "0.5.0",
      "resolved": "https://registry.npmjs.org/@jimp/plugin-blur/-/plugin-blur-0.5.0.tgz",
      "integrity": "sha512-5k0PXCA1RTJdITL7yMAyZ5tGQjKLHqFvwdXj/PCoBo5PuMyr0x6qfxmQEySixGk/ZHdDxMi80vYxHdKHjNNgjg==",
      "requires": {
        "@jimp/utils": "^0.5.0",
        "core-js": "^2.5.7"
      }
    },
    "@jimp/plugin-color": {
      "version": "0.5.0",
      "resolved": "https://registry.npmjs.org/@jimp/plugin-color/-/plugin-color-0.5.0.tgz",
      "integrity": "sha512-pdGXqybvxCHQ7U3qMtVD4PZpbizJ2DDhuQB4ZU2jkXT4UkGhSEdyK2BCpw7WCWquz6io6TtkUF/GLXY83e3cGw==",
      "requires": {
        "@jimp/utils": "^0.5.0",
        "core-js": "^2.5.7",
        "tinycolor2": "^1.4.1"
      }
    },
    "@jimp/plugin-contain": {
      "version": "0.5.0",
      "resolved": "https://registry.npmjs.org/@jimp/plugin-contain/-/plugin-contain-0.5.0.tgz",
      "integrity": "sha512-ZTIqRUFhgbj8/DRTEUbzoCfIm4rYZilyg5TU77A7h1WUM+HXVu8RO5kucAJUHKx6ah5SYr3CW2AzvIGflxXbtA==",
      "requires": {
        "@jimp/utils": "^0.5.0",
        "core-js": "^2.5.7"
      }
    },
    "@jimp/plugin-cover": {
      "version": "0.5.0",
      "resolved": "https://registry.npmjs.org/@jimp/plugin-cover/-/plugin-cover-0.5.0.tgz",
      "integrity": "sha512-TdssZWj3t85R4Jv+/Wd4rZWBRm3KV76x3316/epOUs+IvgfCdTLz6rE92YaJClS2lQ6xXRsqng/j17t+BIObpg==",
      "requires": {
        "@jimp/utils": "^0.5.0",
        "core-js": "^2.5.7"
      }
    },
    "@jimp/plugin-crop": {
      "version": "0.5.0",
      "resolved": "https://registry.npmjs.org/@jimp/plugin-crop/-/plugin-crop-0.5.0.tgz",
      "integrity": "sha512-+b30lHa/2ZFO2yhOuxI9DTNPngy/E4D4F3fCKMZnZp6bjnNNhCowvVNRGm29VDawt0m4Qw7tCIfmbsDqngF6OA==",
      "requires": {
        "@jimp/utils": "^0.5.0",
        "core-js": "^2.5.7"
      }
    },
    "@jimp/plugin-displace": {
      "version": "0.5.0",
      "resolved": "https://registry.npmjs.org/@jimp/plugin-displace/-/plugin-displace-0.5.0.tgz",
      "integrity": "sha512-Bec7SQvnmKia4hOXEDjeNVx7vo/1bWqjuV6NO8xbNQcAO3gaCl91c9FjMDhsfAVb0Ou6imhbIuFPrLxorXsecQ==",
      "requires": {
        "@jimp/utils": "^0.5.0",
        "core-js": "^2.5.7"
      }
    },
    "@jimp/plugin-dither": {
      "version": "0.5.0",
      "resolved": "https://registry.npmjs.org/@jimp/plugin-dither/-/plugin-dither-0.5.0.tgz",
      "integrity": "sha512-We2WJQsD/Lm8oqBFp/vUv9/5r2avyenL+wNNu/s2b1HqA5O4sPGrjHy9K6vIov0NroQGCQ3bNznLkTmjiHKBcg==",
      "requires": {
        "@jimp/utils": "^0.5.0",
        "core-js": "^2.5.7"
      }
    },
    "@jimp/plugin-flip": {
      "version": "0.5.0",
      "resolved": "https://registry.npmjs.org/@jimp/plugin-flip/-/plugin-flip-0.5.0.tgz",
      "integrity": "sha512-D/ehBQxLMNR7oNd80KXo4tnSET5zEm5mR70khYOTtTlfti/DlLp3qOdjPOzfLyAdqO7Ly4qCaXrIsnia+pfPrA==",
      "requires": {
        "@jimp/utils": "^0.5.0",
        "core-js": "^2.5.7"
      }
    },
    "@jimp/plugin-gaussian": {
      "version": "0.5.0",
      "resolved": "https://registry.npmjs.org/@jimp/plugin-gaussian/-/plugin-gaussian-0.5.0.tgz",
      "integrity": "sha512-Ln4kgxblv0/YzLBDb/J8DYPLhDzKH87Y8yHh5UKv3H+LPKnLaEG3L4iKTE9ivvdocnjmrtTFMYcWv2ERSPeHcg==",
      "requires": {
        "@jimp/utils": "^0.5.0",
        "core-js": "^2.5.7"
      }
    },
    "@jimp/plugin-invert": {
      "version": "0.5.0",
      "resolved": "https://registry.npmjs.org/@jimp/plugin-invert/-/plugin-invert-0.5.0.tgz",
      "integrity": "sha512-/vyKeIi3T7puf+8ruWovTjzDC585EnTwJ+lGOOUYiNPsdn4JDFe1B3xd+Ayv9aCQbXDIlPElZaM9vd/+wqDiIQ==",
      "requires": {
        "@jimp/utils": "^0.5.0",
        "core-js": "^2.5.7"
      }
    },
    "@jimp/plugin-mask": {
      "version": "0.5.0",
      "resolved": "https://registry.npmjs.org/@jimp/plugin-mask/-/plugin-mask-0.5.0.tgz",
      "integrity": "sha512-BJpejjyKdP+AUJmpqbWdaPuqVQazDLmLWpBryA2RdGIwhaAbAMfj3r74CKMS0AK2FKLQvmbDSKOeK4T01D3TdA==",
      "requires": {
        "@jimp/utils": "^0.5.0",
        "core-js": "^2.5.7"
      }
    },
    "@jimp/plugin-normalize": {
      "version": "0.5.0",
      "resolved": "https://registry.npmjs.org/@jimp/plugin-normalize/-/plugin-normalize-0.5.0.tgz",
      "integrity": "sha512-+icZKWrk3nMWDyo7qHDQkwIWopUFVy6W1bB3gVvG5VmXDVYO4sLBY3CqSBTTzsoXZsRPiUw1RugwqXMJXflS9w==",
      "requires": {
        "@jimp/utils": "^0.5.0",
        "core-js": "^2.5.7"
      }
    },
    "@jimp/plugin-print": {
      "version": "0.5.0",
      "resolved": "https://registry.npmjs.org/@jimp/plugin-print/-/plugin-print-0.5.0.tgz",
      "integrity": "sha512-U92A1GcF+v8P33Du9h5ey/aP3hHfezEfAu+vRu3t/UT/UhUwwX1VgKyD0Oo9cvbH2Bjs/hTqwTvpeR0twOeCGg==",
      "requires": {
        "@jimp/utils": "^0.5.0",
        "core-js": "^2.5.7",
        "load-bmfont": "^1.4.0"
      }
    },
    "@jimp/plugin-resize": {
      "version": "0.5.0",
      "resolved": "https://registry.npmjs.org/@jimp/plugin-resize/-/plugin-resize-0.5.0.tgz",
      "integrity": "sha512-SRd7jgjDFPD/h2jdyCjpjhzlZ3azopUQCmqpmNzrjvyhyuQDc+/A537isUg0uM7gR17IWgY0IJCIuXj2nT4CMw==",
      "requires": {
        "@jimp/utils": "^0.5.0",
        "core-js": "^2.5.7"
      }
    },
    "@jimp/plugin-rotate": {
      "version": "0.5.0",
      "resolved": "https://registry.npmjs.org/@jimp/plugin-rotate/-/plugin-rotate-0.5.0.tgz",
      "integrity": "sha512-cr+vIdVni2fdwZPyCEijSrxc6AtTNHJT924lkZQ44uRRQnWRmjkzkwXTEXGfB3HOBnymQm4yEOhnnlda/IsFiw==",
      "requires": {
        "@jimp/utils": "^0.5.0",
        "core-js": "^2.5.7"
      }
    },
    "@jimp/plugin-scale": {
      "version": "0.5.0",
      "resolved": "https://registry.npmjs.org/@jimp/plugin-scale/-/plugin-scale-0.5.0.tgz",
      "integrity": "sha512-5InIOr3cNtrS5aQ/uaosNf28qLLc0InpNGKFmGFTv8oqZqLch6PtDTjDBZ1GGWsPdA/ljy4Qyy7mJO1QBmgQeQ==",
      "requires": {
        "@jimp/utils": "^0.5.0",
        "core-js": "^2.5.7"
      }
    },
    "@jimp/plugins": {
      "version": "0.5.0",
      "resolved": "https://registry.npmjs.org/@jimp/plugins/-/plugins-0.5.0.tgz",
      "integrity": "sha512-i0p7auzC+pAyuwyyMKR7aWp9fiFM0eaMxT42tBwNig5dmEGZM9o1uYwG9Fa72o4i0OZuZpS++H2h0IakXh4LNw==",
      "requires": {
        "@jimp/plugin-blit": "^0.5.0",
        "@jimp/plugin-blur": "^0.5.0",
        "@jimp/plugin-color": "^0.5.0",
        "@jimp/plugin-contain": "^0.5.0",
        "@jimp/plugin-cover": "^0.5.0",
        "@jimp/plugin-crop": "^0.5.0",
        "@jimp/plugin-displace": "^0.5.0",
        "@jimp/plugin-dither": "^0.5.0",
        "@jimp/plugin-flip": "^0.5.0",
        "@jimp/plugin-gaussian": "^0.5.0",
        "@jimp/plugin-invert": "^0.5.0",
        "@jimp/plugin-mask": "^0.5.0",
        "@jimp/plugin-normalize": "^0.5.0",
        "@jimp/plugin-print": "^0.5.0",
        "@jimp/plugin-resize": "^0.5.0",
        "@jimp/plugin-rotate": "^0.5.0",
        "@jimp/plugin-scale": "^0.5.0",
        "core-js": "^2.5.7",
        "timm": "^1.6.1"
      }
    },
    "@jimp/png": {
      "version": "0.5.0",
      "resolved": "https://registry.npmjs.org/@jimp/png/-/png-0.5.0.tgz",
      "integrity": "sha512-yPF8ExJVtXltuyV8jB5fpyW/uKkp1BKdaBeU0ihY99J0hinidgdx3kY8ZleSpFjvDMeJ5H8X9EC6GDVCeQCQqg==",
      "requires": {
        "@jimp/utils": "^0.5.0",
        "core-js": "^2.5.7",
        "pngjs": "^3.3.3"
      }
    },
    "@jimp/tiff": {
      "version": "0.5.0",
      "resolved": "https://registry.npmjs.org/@jimp/tiff/-/tiff-0.5.0.tgz",
      "integrity": "sha512-ZiPWC0GUDJVIJhEXnOefyWDSr9vBVFXN3Bh0kQR9UrEZ/xAuJIb8q1RrbBNb7YOYxI4TFl9vFZQA8bzsiIYKHw==",
      "requires": {
        "core-js": "^2.5.7",
        "utif": "^2.0.1"
      }
    },
    "@jimp/types": {
      "version": "0.5.0",
      "resolved": "https://registry.npmjs.org/@jimp/types/-/types-0.5.0.tgz",
      "integrity": "sha512-1ZVx3ElXiQzVwQKwUBvWCtFYBVWu7nHTBBAegM3BmwsMFYd6sYtmPrkpwC2sJMsB9f3Z31/8oh71AoLXoOswAQ==",
      "requires": {
        "@jimp/bmp": "^0.5.0",
        "@jimp/gif": "^0.5.0",
        "@jimp/jpeg": "^0.5.0",
        "@jimp/png": "^0.5.0",
        "@jimp/tiff": "^0.5.0",
        "core-js": "^2.5.7",
        "timm": "^1.6.1"
      }
    },
    "@jimp/utils": {
      "version": "0.5.0",
      "resolved": "https://registry.npmjs.org/@jimp/utils/-/utils-0.5.0.tgz",
      "integrity": "sha512-7H9RFVU+Li2XmEko0GGyzy7m7JjSc7qa+m8l3fUzYg2GtwASApjKF/LSG2AUQCUmDKFLdfIEVjxvKvZUJFEmpw==",
      "requires": {
        "core-js": "^2.5.7"
      }
    },
    "async-limiter": {
      "version": "1.0.0",
      "resolved": "https://registry.npmjs.org/async-limiter/-/async-limiter-1.0.0.tgz",
      "integrity": "sha512-jp/uFnooOiO+L211eZOoSyzpOITMXx1rBITauYykG3BRYPu8h0UcxsPNB04RR5vo4Tyz3+ay17tR6JVf9qzYWg=="
    },
    "chalk": {
      "version": "2.4.1",
      "resolved": "https://registry.npmjs.org/chalk/-/chalk-2.4.1.tgz",
      "integrity": "sha512-ObN6h1v2fTJSmUXoS3nMQ92LbDK9be4TV+6G+omQlGJFdcUX5heKi1LZ1YnRMIgwTLEj3E24bT6tYni50rlCfQ==",
      "requires": {
        "ansi-styles": "^3.2.1",
        "escape-string-regexp": "^1.0.5",
        "supports-color": "^5.3.0"
      }
    },
     "bot-utils": {
      "version": "1.2.0",
      "resolved": "https://registry.npmjs.org/bot-utils/-/bot-utils-1.2.0.tgz",
      "integrity": "sha512-9atH0uY07XVKnrIVZmeS+dC3doZguH0xYgqbmt8R1dql4rbnCO3uoUWvakH4h9paLPRX9A7Xn7WmoOsgb1HCNw==",
      "requires": {
        "clockit": "^1.0.0"
      }
    },
    
    "color-convert": {
      "version": "1.9.3",
      "resolved": "https://registry.npmjs.org/color-convert/-/color-convert-1.9.3.tgz",
      "integrity": "sha512-QfAUtd+vFdAtFQcC8CCyYt1fYWxSqAiK2cSD6zDB8N3cpsEBAvRxp9zOGg6G/SHHJYAT88/az/IuDGALsNVbGg==",
      "requires": {
        "color-name": "1.1.3"
      }
    },
    "color-name": {
      "version": "1.1.3",
      "resolved": "https://registry.npmjs.org/color-name/-/color-name-1.1.3.tgz",
      "integrity": "sha1-p9BVi9icQveV3UIyj3QIMcpTvCU="
    },
    "common-tags": {
      "version": "1.8.0",
      "resolved": "https://registry.npmjs.org/common-tags/-/common-tags-1.8.0.tgz",
      "integrity": "sha512-6P6g0uetGpW/sdyUy/iQQCbFF0kWVMSIVSyYz7Zgjcgh8mgw8PQzDNZeyZ5DQ2gM7LBoZPHmnjz8rUthkBG5tw=="
    },
    "cool-images": {
      "version": "1.0.1",
      "resolved": "https://registry.npmjs.org/cool-images/-/cool-images-1.0.1.tgz",
      "integrity": "sha512-X8GzJJmmECpaOFhbxrac+mgPt39KV0O5h8dLBEnzyTBBRVntv/N08R9+TyEcprM1T2eafrL/ANlWyc7zj1ZNAA=="
    },
    "cross-fetch": {
      "version": "2.2.2",
      "resolved": "https://registry.npmjs.org/cross-fetch/-/cross-fetch-2.2.2.tgz",
      "integrity": "sha1-pH/09/xxLauo9qaVoRyUhEDUVyM=",
      "requires": {
        "node-fetch": "2.1.2",
        "whatwg-fetch": "2.0.4"
      }
    },
    "discord.js": {
      "version": "11.4.2",
      "resolved": "https://registry.npmjs.org/discord.js/-/discord.js-11.4.2.tgz",
      "integrity": "sha512-MDwpu0lMFTjqomijDl1Ed9miMQe6kB4ifKdP28QZllmLv/HVOJXhatRgjS8urp/wBlOfx+qAYSXcdI5cKGYsfg==",
      "requires": {
        "long": "^4.0.0",
        "prism-media": "^0.0.3",
        "snekfetch": "^3.6.4",
        "tweetnacl": "^1.0.0",
        "ws": "^4.0.0"
      }
    },
    "discord.js-commando": {
      "version": "0.10.0",
      "resolved": "https://registry.npmjs.org/discord.js-commando/-/discord.js-commando-0.10.0.tgz",
      "integrity": "sha1-v6mL8zEIcDdvPHoNe3Nqaj5dCg8=",
      "requires": {
        "common-tags": "^1.0.0",
        "escape-string-regexp": "^1.0.0",
        "require-all": "^2.0.0"
      }
    },
    "escape-string-regexp": {
      "version": "1.0.5",
      "resolved": "https://registry.npmjs.org/escape-string-regexp/-/escape-string-regexp-1.0.5.tgz",
      "integrity": "sha1-G2HAViGQqN/2rjuyzwIAyhMLhtQ="
    },
    "has-flag": {
      "version": "3.0.0",
      "resolved": "https://registry.npmjs.org/has-flag/-/has-flag-3.0.0.tgz",
      "integrity": "sha1-tdRU3CGZriJWmfNGfloH87lVuv0="
    },
    "iso8601-duration": {
      "version": "1.1.1",
      "resolved": "https://registry.npmjs.org/iso8601-duration/-/iso8601-duration-1.1.1.tgz",
      "integrity": "sha512-dE/f+GO/ptSFgsM7ccVOYb/82PdCrSAHdmFZgAKwdoUWq8NHg5ygohklQBqVoqcN+CHPwE+f+pWuu2HZPnBU/Q=="
    },
    "long": {
      "version": "4.0.0",
      "resolved": "https://registry.npmjs.org/long/-/long-4.0.0.tgz",
      "integrity": "sha512-XsP+KhQif4bjX1kbuSiySJFNAehNxgLb6hPRGJ9QsUr8ajHkuXGdrHmFUTUUXhDwVX2R5bY4JNZEwbUiMhV+MA=="
    },
    "moment": {
      "version": "2.22.2",
      "resolved": "https://registry.npmjs.org/moment/-/moment-2.22.2.tgz",
      "integrity": "sha1-PCV/mDn8DpP/UxSWMiOeuQeD/2Y="
    },
    "moment-duration-format": {
      "version": "2.2.2",
      "resolved": "https://registry.npmjs.org/moment-duration-format/-/moment-duration-format-2.2.2.tgz",
      "integrity": "sha1-uVdhLeJgFsmtnrYIfAVFc+USd3k="
    },
    "ms": {
      "version": "2.1.1",
      "resolved": "https://registry.npmjs.org/ms/-/ms-2.1.1.tgz",
      "integrity": "sha512-tgp+dl5cGk28utYktBsrFqA7HKgrhgPsg6Z/EfhWI4gl1Hwq8B/GmY/0oXZ6nF8hDVesS/FpnYaD/kOWhYQvyg=="
    },
    "node-fetch": {
      "version": "2.1.2",
      "resolved": "http://registry.npmjs.org/node-fetch/-/node-fetch-2.1.2.tgz",
      "integrity": "sha1-q4hOjn5X44qUR1POxwb3iNF2i7U="
    },
    "prism-media": {
      "version": "0.0.3",
      "resolved": "https://registry.npmjs.org/prism-media/-/prism-media-0.0.3.tgz",
      "integrity": "sha512-c9KkNifSMU/iXT8FFTaBwBMr+rdVcN+H/uNv1o+CuFeTThNZNTOrQ+RgXA1yL/DeLk098duAeRPP3QNPNbhxYQ=="
    },
    "require-all": {
      "version": "2.2.0",
      "resolved": "https://registry.npmjs.org/require-all/-/require-all-2.2.0.tgz",
      "integrity": "sha1-tEIMIzrAKC0P9Jsnf7iAqLXeCJQ="
    },
    "safe-buffer": {
      "version": "5.1.2",
      "resolved": "https://registry.npmjs.org/safe-buffer/-/safe-buffer-5.1.2.tgz",
      "integrity": "sha512-Gd2UZBJDkXlY7GbJxfsE8/nvKkUEU1G38c1siN6QP6a9PT9MmHB8GnpscSmMJSoF8LOIrt8ud/wPtojys4G6+g=="
    },
    "simple-youtube-api": {
      "version": "5.0.2",
      "resolved": "https://registry.npmjs.org/simple-youtube-api/-/simple-youtube-api-5.0.2.tgz",
      "integrity": "sha512-MtFToFLoX4eWNVUcqhbJ3J7SN8tBNaHRAHC4RKzSCW7cEVVZygNHa3nhCEWVINBoI1fmxjEUW7zwdlChYNuoZg==",
      "requires": {
        "cross-fetch": "^2.1.1",
        "iso8601-duration": "^1.0.0"
      }
    },
    "snekfetch": {
      "version": "3.6.4",
      "resolved": "https://registry.npmjs.org/snekfetch/-/snekfetch-3.6.4.tgz",
      "integrity": "sha512-NjxjITIj04Ffqid5lqr7XdgwM7X61c/Dns073Ly170bPQHLm6jkmelye/eglS++1nfTWktpP6Y2bFXjdPlQqdw=="
    },
    "supports-color": {
      "version": "5.5.0",
      "resolved": "https://registry.npmjs.org/supports-color/-/supports-color-5.5.0.tgz",
      "integrity": "sha512-QjVjwdXIt408MIiAqCX4oUKsgU2EqAGzs2Ppkm4aQYbjm+ZEWEcW4SfFNTr4uMNZma0ey4f5lgLrkB0aX0QMow==",
      "requires": {
        "has-flag": "^3.0.0"
      }
    },
    "request": {
      "version": "2.88.0",
      "resolved": "https://registry.npmjs.org/request/-/request-2.88.0.tgz",
      "integrity": "sha512-NAqBSrijGLZdM0WZNsInLJpkJokL72XYjUpnB0iwsRgxh7dB6COrHnTBNwN0E+lHDAJzu7kLAkDeY08z2/A0hg==",
      "requires": {
        "aws-sign2": "~0.7.0",
        "aws4": "^1.8.0",
        "caseless": "~0.12.0",
        "combined-stream": "~1.0.6",
        "extend": "~3.0.2",
        "forever-agent": "~0.6.1",
        "form-data": "~2.3.2",
        "har-validator": "~5.1.0",
        "http-signature": "~1.2.0",
        "is-typedarray": "~1.0.0",
        "isstream": "~0.1.2",
        "json-stringify-safe": "~5.0.1",
        "mime-types": "~2.1.19",
        "oauth-sign": "~0.9.0",
        "performance-now": "^2.1.0",
        "qs": "~6.5.2",
        "safe-buffer": "^5.1.2",
        "tough-cookie": "~2.4.3",
        "tunnel-agent": "^0.6.0",
        "uuid": "^3.3.2"
      }
    },
    "tweetnacl": {
      "version": "1.0.0",
      "resolved": "https://registry.npmjs.org/tweetnacl/-/tweetnacl-1.0.0.tgz",
      "integrity": "sha1-cT2LgY2kIGh0C/aDhtBHnmb8ins="
    },
    "whatwg-fetch": {
      "version": "2.0.4",
      "resolved": "http://registry.npmjs.org/whatwg-fetch/-/whatwg-fetch-2.0.4.tgz",
      "integrity": "sha512-dcQ1GWpOD/eEQ97k66aiEVpNnapVj90/+R+SXTPYGHpYBBypfKJEQjLrvMZ7YXbKm21gXd4NcuxUTjiv1YtLng=="
    },
    "ws": {
      "version": "4.1.0",
      "resolved": "https://registry.npmjs.org/ws/-/ws-4.1.0.tgz",
      "integrity": "sha512-ZGh/8kF9rrRNffkLFV4AzhvooEclrOH0xaugmqGsIfFgOE/pIz4fMc4Ef+5HSQqTEug2S9JZIWDR47duDSLfaA==",
      "requires": {
        "async-limiter": "~1.0.0",
        "safe-buffer": "~5.1.0"
      }
    }
  }
}
